Microsoft Visual Studio Solution File, Format Version 12.00
# Visual Studio Version 17
VisualStudioVersion = 17.0.31903.59
MinimumVisualStudioVersion = 10.0.40219.1
Project("{FAE04EC0-301F-11D3-BF4B-00C04F79EFBC}") = "GameCore.ReferenceSeams", "src\GameCore.ReferenceSeams\GameCore.ReferenceSeams.csproj", "{1A2B3C4D-0001-4A01-9A01-000000000001}"
EndProject
Project("{FAE04EC0-301F-11D3-BF4B-00C04F79EFBC}") = "GameCore.ProtocolFixtures", "src\GameCore.ProtocolFixtures\GameCore.ProtocolFixtures.csproj", "{1A2B3C4D-0002-4A01-9A01-000000000002}"
EndProject
Project("{FAE04EC0-301F-11D3-BF4B-00C04F79EFBC}") = "GameCore.ApiSnapshot", "tools\GameCore.ApiSnapshot\GameCore.ApiSnapshot.csproj", "{1A2B3C4D-0003-4A01-9A01-000000000003}"
EndProject
Project("{FAE04EC0-301F-11D3-BF4B-00C04F79EFBC}") = "GameCore.ReferenceSeams.Tests", "tests\GameCore.ReferenceSeams.Tests\GameCore.ReferenceSeams.Tests.csproj", "{1A2B3C4D-0004-4A01-9A01-000000000004}"
EndProject
Project("{FAE04EC0-301F-11D3-BF4B-00C04F79EFBC}") = "GameCore.ProtocolFixtures.Tests", "tests\GameCore.ProtocolFixtures.Tests\GameCore.ProtocolFixtures.Tests.csproj", "{1A2B3C4D-0005-4A01-9A01-000000000005}"
EndProject
Project("{FAE04EC0-301F-11D3-BF4B-00C04F79EFBC}") = "GameCore.Contracts", "src\GameCore.Contracts\GameCore.Contracts.csproj", "{1A2B3C4D-0006-4A01-9A01-000000000006}"
EndProject
Project("{FAE04EC0-301F-11D3-BF4B-00C04F79EFBC}") = "GameCore.Content.Compiler", "src\GameCore.Content.Compiler\GameCore.Content.Compiler.csproj", "{1A2B3C4D-0007-4A01-9A01-000000000007}"
EndProject
Project("{FAE04EC0-301F-11D3-BF4B-00C04F79EFBC}") = "GameCore.ProtocolFixtures.Production", "src\GameCore.ProtocolFixtures.Production\GameCore.ProtocolFixtures.Production.csproj", "{1A2B3C4D-0008-4A01-9A01-000000000008}"
EndProject
Project("{FAE04EC0-301F-11D3-BF4B-00C04F79EFBC}") = "GameCore.Contracts.Tests", "tests\GameCore.Contracts.Tests\GameCore.Contracts.Tests.csproj", "{1A2B3C4D-0009-4A01-9A01-000000000009}"
EndProject
Project("{FAE04EC0-301F-11D3-BF4B-00C04F79EFBC}") = "GameCore.Content.Compiler.Tests", "tests\GameCore.Content.Compiler.Tests\GameCore.Content.Compiler.Tests.csproj", "{1A2B3C4D-000A-4A01-9A01-00000000000A}"
EndProject
Project("{FAE04EC0-301F-11D3-BF4B-00C04F79EFBC}") = "GameCore.ProtocolFixtures.Production.Tests", "tests\GameCore.ProtocolFixtures.Production.Tests\GameCore.ProtocolFixtures.Production.Tests.csproj", "{1A2B3C4D-000B-4A01-9A01-00000000000B}"
EndProject
Project("{FAE04EC0-301F-11D3-BF4B-00C04F79EFBC}") = "GameCore.Composition", "src\GameCore.Composition\GameCore.Composition.csproj", "{7E4C1A20-4B31-4D6E-9C58-2A1F0B7D1101}"
EndProject
Project("{FAE04EC0-301F-11D3-BF4B-00C04F79EFBC}") = "GameCore.Composition.Tests", "tests\GameCore.Composition.Tests\GameCore.Composition.Tests.csproj", "{7E4C1A20-4B31-4D6E-9C58-2A1F0B7D1102}"
EndProject
Project("{FAE04EC0-301F-11D3-BF4B-00C04F79EFBC}") = "GameCore.Execution", "src\GameCore.Execution\GameCore.Execution.csproj", "{7E4C1A20-4B31-4D6E-9C58-2A1F0B7D1103}"
EndProject
Project("{FAE04EC0-301F-11D3-BF4B-00C04F79EFBC}") = "GameCore.Execution.Tests", "tests\GameCore.Execution.Tests\GameCore.Execution.Tests.csproj", "{7E4C1A20-4B31-4D6E-9C58-2A1F0B7D1104}"
EndProject
Project("{FAE04EC0-301F-11D3-BF4B-00C04F79EFBC}") = "GameCore.Planning", "src\GameCore.Planning\GameCore.Planning.csproj", "{1A2B3C4D-0020-4A01-9A01-000000000020}"
EndProject
Project("{FAE04EC0-301F-11D3-BF4B-00C04F79EFBC}") = "GameCore.Planning.Tests", "tests\GameCore.Planning.Tests\GameCore.Planning.Tests.csproj", "{1A2B3C4D-0021-4A01-9A01-000000000021}"
EndProject
Project("{FAE04EC0-301F-11D3-BF4B-00C04F79EFBC}") = "GameCore.Derivation", "src\GameCore.Derivation\GameCore.Derivation.csproj", "{1A2B3C4D-0022-4A01-9A01-000000000022}"
EndProject
Project("{FAE04EC0-301F-11D3-BF4B-00C04F79EFBC}") = "GameCore.Derivation.Tests", "tests\GameCore.Derivation.Tests\GameCore.Derivation.Tests.csproj", "{1A2B3C4D-0023-4A01-9A01-000000000023}"
EndProject
Project("{FAE04EC0-301F-11D3-BF4B-00C04F79EFBC}") = "GameCore.Rules.Narrative", "src\GameCore.Rules.Narrative\GameCore.Rules.Narrative.csproj", "{5E9B4C21-7A03-4D18-8B6F-2C4E9A1B0101}"
EndProject
Project("{FAE04EC0-301F-11D3-BF4B-00C04F79EFBC}") = "GameCore.Rules.Narrative.Tests", "tests\GameCore.Rules.Narrative.Tests\GameCore.Rules.Narrative.Tests.csproj", "{5E9B4C21-7A03-4D18-8B6F-2C4E9A1B0102}"
EndProject
Project("{FAE04EC0-301F-11D3-BF4B-00C04F79EFBC}") = "GameCore.Rules.Cards", "src\GameCore.Rules.Cards\GameCore.Rules.Cards.csproj", "{3C7B5E10-9F42-4A6D-8B31-6E5D2C0A0111}"
EndProject
Project("{FAE04EC0-301F-11D3-BF4B-00C04F79EFBC}") = "GameCore.Rules.Cards.Tests", "tests\GameCore.Rules.Cards.Tests\GameCore.Rules.Cards.Tests.csproj", "{3C7B5E10-9F42-4A6D-8B31-6E5D2C0A0112}"
EndProject
Project("{FAE04EC0-301F-11D3-BF4B-00C04F79EFBC}") = "GameCore.Adapters", "src\GameCore.Adapters\GameCore.Adapters.csproj", "{9E1F7A40-2B77-4C31-9C10-6D2E4B8A0190}"
EndProject
Project("{FAE04EC0-301F-11D3-BF4B-00C04F79EFBC}") = "GameCore.Adapters.Tests", "tests\GameCore.Adapters.Tests\GameCore.Adapters.Tests.csproj", "{9E1F7A40-2B77-4C31-9C10-6D2E4B8A0191}"
EndProject
Project("{FAE04EC0-301F-11D3-BF4B-00C04F79EFBC}") = "GameCore.Rules.Traversal", "src\GameCore.Rules.Traversal\GameCore.Rules.Traversal.csproj", "{3C7B5E10-9F42-4A6D-8B31-6E5D2C0A0121}"
EndProject
Project("{FAE04EC0-301F-11D3-BF4B-00C04F79EFBC}") = "GameCore.Rules.Traversal.Tests", "tests\GameCore.Rules.Traversal.Tests\GameCore.Rules.Traversal.Tests.csproj", "{3C7B5E10-9F42-4A6D-8B31-6E5D2C0A0122}"
EndProject
Project("{FAE04EC0-301F-11D3-BF4B-00C04F79EFBC}") = "GameCore.Derivation.Fixtures", "src\GameCore.Derivation.Fixtures\GameCore.Derivation.Fixtures.csproj", "{1A2B3C4D-0030-4A01-9A01-000000000030}"
EndProject
Project("{FAE04EC0-301F-11D3-BF4B-00C04F79EFBC}") = "GameCore.Replay", "src\GameCore.Replay\GameCore.Replay.csproj", "{1A2B3C4D-0031-4A01-9A01-000000000031}"
EndProject
Project("{FAE04EC0-301F-11D3-BF4B-00C04F79EFBC}") = "GameCore.Replay.Tests", "tests\GameCore.Replay.Tests\GameCore.Replay.Tests.csproj", "{1A2B3C4D-0032-4A01-9A01-000000000032}"
EndProject
Global
	GlobalSection(SolutionConfigurationPlatforms) = preSolution
		Debug|Any CPU = Debug|Any CPU
		Release|Any CPU = Release|Any CPU
	EndGlobalSection
	GlobalSection(ProjectConfigurationPlatforms) = postSolution
		{1A2B3C4D-0001-4A01-9A01-000000000001}.Debug|Any CPU.ActiveCfg = Debug|Any CPU
		{1A2B3C4D-0001-4A01-9A01-000000000001}.Debug|Any CPU.Build.0 = Debug|Any CPU
		{1A2B3C4D-0001-4A01-9A01-000000000001}.Release|Any CPU.ActiveCfg = Release|Any CPU
		{1A2B3C4D-0001-4A01-9A01-000000000001}.Release|Any CPU.Build.0 = Release|Any CPU
		{1A2B3C4D-0002-4A01-9A01-000000000002}.Debug|Any CPU.ActiveCfg = Debug|Any CPU
		{1A2B3C4D-0002-4A01-9A01-000000000002}.Debug|Any CPU.Build.0 = Debug|Any CPU
		{1A2B3C4D-0002-4A01-9A01-000000000002}.Release|Any CPU.ActiveCfg = Release|Any CPU
		{1A2B3C4D-0002-4A01-9A01-000000000002}.Release|Any CPU.Build.0 = Release|Any CPU
		{1A2B3C4D-0003-4A01-9A01-000000000003}.Debug|Any CPU.ActiveCfg = Debug|Any CPU
		{1A2B3C4D-0003-4A01-9A01-000000000003}.Debug|Any CPU.Build.0 = Debug|Any CPU
		{1A2B3C4D-0003-4A01-9A01-000000000003}.Release|Any CPU.ActiveCfg = Release|Any CPU
		{1A2B3C4D-0003-4A01-9A01-000000000003}.Release|Any CPU.Build.0 = Release|Any CPU
		{1A2B3C4D-0004-4A01-9A01-000000000004}.Debug|Any CPU.ActiveCfg = Debug|Any CPU
		{1A2B3C4D-0004-4A01-9A01-000000000004}.Debug|Any CPU.Build.0 = Debug|Any CPU
		{1A2B3C4D-0004-4A01-9A01-000000000004}.Release|Any CPU.ActiveCfg = Release|Any CPU
		{1A2B3C4D-0004-4A01-9A01-000000000004}.Release|Any CPU.Build.0 = Release|Any CPU
		{1A2B3C4D-0005-4A01-9A01-000000000005}.Debug|Any CPU.ActiveCfg = Debug|Any CPU
		{1A2B3C4D-0005-4A01-9A01-000000000005}.Debug|Any CPU.Build.0 = Debug|Any CPU
		{1A2B3C4D-0005-4A01-9A01-000000000005}.Release|Any CPU.ActiveCfg = Release|Any CPU
		{1A2B3C4D-0005-4A01-9A01-000000000005}.Release|Any CPU.Build.0 = Release|Any CPU
		{1A2B3C4D-0006-4A01-9A01-000000000006}.Debug|Any CPU.ActiveCfg = Debug|Any CPU
		{1A2B3C4D-0006-4A01-9A01-000000000006}.Debug|Any CPU.Build.0 = Debug|Any CPU
		{1A2B3C4D-0006-4A01-9A01-000000000006}.Release|Any CPU.ActiveCfg = Release|Any CPU
		{1A2B3C4D-0006-4A01-9A01-000000000006}.Release|Any CPU.Build.0 = Release|Any CPU
		{1A2B3C4D-0007-4A01-9A01-000000000007}.Debug|Any CPU.ActiveCfg = Debug|Any CPU
		{1A2B3C4D-0007-4A01-9A01-000000000007}.Debug|Any CPU.Build.0 = Debug|Any CPU
		{1A2B3C4D-0007-4A01-9A01-000000000007}.Release|Any CPU.ActiveCfg = Release|Any CPU
		{1A2B3C4D-0007-4A01-9A01-000000000007}.Release|Any CPU.Build.0 = Release|Any CPU
		{1A2B3C4D-0008-4A01-9A01-000000000008}.Debug|Any CPU.ActiveCfg = Debug|Any CPU
		{1A2B3C4D-0008-4A01-9A01-000000000008}.Debug|Any CPU.Build.0 = Debug|Any CPU
		{1A2B3C4D-0008-4A01-9A01-000000000008}.Release|Any CPU.ActiveCfg = Release|Any CPU
		{1A2B3C4D-0008-4A01-9A01-000000000008}.Release|Any CPU.Build.0 = Release|Any CPU
		{1A2B3C4D-0009-4A01-9A01-000000000009}.Debug|Any CPU.ActiveCfg = Debug|Any CPU
		{1A2B3C4D-0009-4A01-9A01-000000000009}.Debug|Any CPU.Build.0 = Debug|Any CPU
		{1A2B3C4D-0009-4A01-9A01-000000000009}.Release|Any CPU.ActiveCfg = Release|Any CPU
		{1A2B3C4D-0009-4A01-9A01-000000000009}.Release|Any CPU.Build.0 = Release|Any CPU
		{1A2B3C4D-000A-4A01-9A01-00000000000A}.Debug|Any CPU.ActiveCfg = Debug|Any CPU
		{1A2B3C4D-000A-4A01-9A01-00000000000A}.Debug|Any CPU.Build.0 = Debug|Any CPU
		{1A2B3C4D-000A-4A01-9A01-00000000000A}.Release|Any CPU.ActiveCfg = Release|Any CPU
		{1A2B3C4D-000A-4A01-9A01-00000000000A}.Release|Any CPU.Build.0 = Release|Any CPU
		{1A2B3C4D-000B-4A01-9A01-00000000000B}.Debug|Any CPU.ActiveCfg = Debug|Any CPU
		{1A2B3C4D-000B-4A01-9A01-00000000000B}.Debug|Any CPU.Build.0 = Debug|Any CPU
		{1A2B3C4D-000B-4A01-9A01-00000000000B}.Release|Any CPU.ActiveCfg = Release|Any CPU
		{1A2B3C4D-000B-4A01-9A01-00000000000B}.Release|Any CPU.Build.0 = Release|Any CPU
		{7E4C1A20-4B31-4D6E-9C58-2A1F0B7D1101}.Debug|Any CPU.ActiveCfg = Debug|Any CPU
		{7E4C1A20-4B31-4D6E-9C58-2A1F0B7D1101}.Debug|Any CPU.Build.0 = Debug|Any CPU
		{7E4C1A20-4B31-4D6E-9C58-2A1F0B7D1101}.Release|Any CPU.ActiveCfg = Release|Any CPU
		{7E4C1A20-4B31-4D6E-9C58-2A1F0B7D1101}.Release|Any CPU.Build.0 = Release|Any CPU
		{7E4C1A20-4B31-4D6E-9C58-2A1F0B7D1102}.Debug|Any CPU.ActiveCfg = Debug|Any CPU
		{7E4C1A20-4B31-4D6E-9C58-2A1F0B7D1102}.Debug|Any CPU.Build.0 = Debug|Any CPU
		{7E4C1A20-4B31-4D6E-9C58-2A1F0B7D1102}.Release|Any CPU.ActiveCfg = Release|Any CPU
		{7E4C1A20-4B31-4D6E-9C58-2A1F0B7D1102}.Release|Any CPU.Build.0 = Release|Any CPU
		{7E4C1A20-4B31-4D6E-9C58-2A1F0B7D1103}.Debug|Any CPU.ActiveCfg = Debug|Any CPU
		{7E4C1A20-4B31-4D6E-9C58-2A1F0B7D1103}.Debug|Any CPU.Build.0 = Debug|Any CPU
		{7E4C1A20-4B31-4D6E-9C58-2A1F0B7D1103}.Release|Any CPU.ActiveCfg = Release|Any CPU
		{7E4C1A20-4B31-4D6E-9C58-2A1F0B7D1103}.Release|Any CPU.Build.0 = Release|Any CPU
		{7E4C1A20-4B31-4D6E-9C58-2A1F0B7D1104}.Debug|Any CPU.ActiveCfg = Debug|Any CPU
		{7E4C1A20-4B31-4D6E-9C58-2A1F0B7D1104}.Debug|Any CPU.Build.0 = Debug|Any CPU
		{7E4C1A20-4B31-4D6E-9C58-2A1F0B7D1104}.Release|Any CPU.ActiveCfg = Release|Any CPU
		{7E4C1A20-4B31-4D6E-9C58-2A1F0B7D1104}.Release|Any CPU.Build.0 = Release|Any CPU
		{1A2B3C4D-0020-4A01-9A01-000000000020}.Debug|Any CPU.ActiveCfg = Debug|Any CPU
		{1A2B3C4D-0020-4A01-9A01-000000000020}.Debug|Any CPU.Build.0 = Debug|Any CPU
		{1A2B3C4D-0020-4A01-9A01-000000000020}.Release|Any CPU.ActiveCfg = Release|Any CPU
		{1A2B3C4D-0020-4A01-9A01-000000000020}.Release|Any CPU.Build.0 = Release|Any CPU
		{1A2B3C4D-0021-4A01-9A01-000000000021}.Debug|Any CPU.ActiveCfg = Debug|Any CPU
		{1A2B3C4D-0021-4A01-9A01-000000000021}.Debug|Any CPU.Build.0 = Debug|Any CPU
		{1A2B3C4D-0021-4A01-9A01-000000000021}.Release|Any CPU.ActiveCfg = Release|Any CPU
		{1A2B3C4D-0021-4A01-9A01-000000000021}.Release|Any CPU.Build.0 = Release|Any CPU
		{1A2B3C4D-0022-4A01-9A01-000000000022}.Debug|Any CPU.ActiveCfg = Debug|Any CPU
		{1A2B3C4D-0022-4A01-9A01-000000000022}.Debug|Any CPU.Build.0 = Debug|Any CPU
		{1A2B3C4D-0022-4A01-9A01-000000000022}.Release|Any CPU.ActiveCfg = Release|Any CPU
		{1A2B3C4D-0022-4A01-9A01-000000000022}.Release|Any CPU.Build.0 = Release|Any CPU
		{1A2B3C4D-0023-4A01-9A01-000000000023}.Debug|Any CPU.ActiveCfg = Debug|Any CPU
		{1A2B3C4D-0023-4A01-9A01-000000000023}.Debug|Any CPU.Build.0 = Debug|Any CPU
		{1A2B3C4D-0023-4A01-9A01-000000000023}.Release|Any CPU.ActiveCfg = Release|Any CPU
		{1A2B3C4D-0023-4A01-9A01-000000000023}.Release|Any CPU.Build.0 = Release|Any CPU
		{5E9B4C21-7A03-4D18-8B6F-2C4E9A1B0101}.Debug|Any CPU.ActiveCfg = Debug|Any CPU
		{5E9B4C21-7A03-4D18-8B6F-2C4E9A1B0101}.Debug|Any CPU.Build.0 = Debug|Any CPU
		{5E9B4C21-7A03-4D18-8B6F-2C4E9A1B0101}.Release|Any CPU.ActiveCfg = Release|Any CPU
		{5E9B4C21-7A03-4D18-8B6F-2C4E9A1B0101}.Release|Any CPU.Build.0 = Release|Any CPU
		{5E9B4C21-7A03-4D18-8B6F-2C4E9A1B0102}.Debug|Any CPU.ActiveCfg = Debug|Any CPU
		{5E9B4C21-7A03-4D18-8B6F-2C4E9A1B0102}.Debug|Any CPU.Build.0 = Debug|Any CPU
		{5E9B4C21-7A03-4D18-8B6F-2C4E9A1B0102}.Release|Any CPU.ActiveCfg = Release|Any CPU
		{5E9B4C21-7A03-4D18-8B6F-2C4E9A1B0102}.Release|Any CPU.Build.0 = Release|Any CPU
		{3C7B5E10-9F42-4A6D-8B31-6E5D2C0A0111}.Debug|Any CPU.ActiveCfg = Debug|Any CPU
		{3C7B5E10-9F42-4A6D-8B31-6E5D2C0A0111}.Debug|Any CPU.Build.0 = Debug|Any CPU
		{3C7B5E10-9F42-4A6D-8B31-6E5D2C0A0111}.Release|Any CPU.ActiveCfg = Release|Any CPU
		{3C7B5E10-9F42-4A6D-8B31-6E5D2C0A0111}.Release|Any CPU.Build.0 = Release|Any CPU
		{3C7B5E10-9F42-4A6D-8B31-6E5D2C0A0112}.Debug|Any CPU.ActiveCfg = Debug|Any CPU
		{3C7B5E10-9F42-4A6D-8B31-6E5D2C0A0112}.Debug|Any CPU.Build.0 = Debug|Any CPU
		{3C7B5E10-9F42-4A6D-8B31-6E5D2C0A0112}.Release|Any CPU.ActiveCfg = Release|Any CPU
		{3C7B5E10-9F42-4A6D-8B31-6E5D2C0A0112}.Release|Any CPU.Build.0 = Release|Any CPU
		{9E1F7A40-2B77-4C31-9C10-6D2E4B8A0190}.Debug|Any CPU.ActiveCfg = Debug|Any CPU
		{9E1F7A40-2B77-4C31-9C10-6D2E4B8A0190}.Debug|Any CPU.Build.0 = Debug|Any CPU
		{9E1F7A40-2B77-4C31-9C10-6D2E4B8A0190}.Release|Any CPU.ActiveCfg = Release|Any CPU
		{9E1F7A40-2B77-4C31-9C10-6D2E4B8A0190}.Release|Any CPU.Build.0 = Release|Any CPU
		{9E1F7A40-2B77-4C31-9C10-6D2E4B8A0191}.Debug|Any CPU.ActiveCfg = Debug|Any CPU
		{9E1F7A40-2B77-4C31-9C10-6D2E4B8A0191}.Debug|Any CPU.Build.0 = Debug|Any CPU
		{9E1F7A40-2B77-4C31-9C10-6D2E4B8A0191}.Release|Any CPU.ActiveCfg = Release|Any CPU
		{9E1F7A40-2B77-4C31-9C10-6D2E4B8A0191}.Release|Any CPU.Build.0 = Release|Any CPU
		{3C7B5E10-9F42-4A6D-8B31-6E5D2C0A0121}.Debug|Any CPU.ActiveCfg = Debug|Any CPU
		{3C7B5E10-9F42-4A6D-8B31-6E5D2C0A0121}.Debug|Any CPU.Build.0 = Debug|Any CPU
		{3C7B5E10-9F42-4A6D-8B31-6E5D2C0A0121}.Release|Any CPU.ActiveCfg = Release|Any CPU
		{3C7B5E10-9F42-4A6D-8B31-6E5D2C0A0121}.Release|Any CPU.Build.0 = Release|Any CPU
		{3C7B5E10-9F42-4A6D-8B31-6E5D2C0A0122}.Debug|Any CPU.ActiveCfg = Debug|Any CPU
		{3C7B5E10-9F42-4A6D-8B31-6E5D2C0A0122}.Debug|Any CPU.Build.0 = Debug|Any CPU
		{3C7B5E10-9F42-4A6D-8B31-6E5D2C0A0122}.Release|Any CPU.ActiveCfg = Release|Any CPU
		{3C7B5E10-9F42-4A6D-8B31-6E5D2C0A0122}.Release|Any CPU.Build.0 = Release|Any CPU
		{1A2B3C4D-0030-4A01-9A01-000000000030}.Debug|Any CPU.ActiveCfg = Debug|Any CPU
		{1A2B3C4D-0030-4A01-9A01-000000000030}.Debug|Any CPU.Build.0 = Debug|Any CPU
		{1A2B3C4D-0030-4A01-9A01-000000000030}.Release|Any CPU.ActiveCfg = Release|Any CPU
		{1A2B3C4D-0030-4A01-9A01-000000000030}.Release|Any CPU.Build.0 = Release|Any CPU
		{1A2B3C4D-0031-4A01-9A01-000000000031}.Debug|Any CPU.ActiveCfg = Debug|Any CPU
		{1A2B3C4D-0031-4A01-9A01-000000000031}.Debug|Any CPU.Build.0 = Debug|Any CPU
		{1A2B3C4D-0031-4A01-9A01-000000000031}.Release|Any CPU.ActiveCfg = Release|Any CPU
		{1A2B3C4D-0031-4A01-9A01-000000000031}.Release|Any CPU.Build.0 = Release|Any CPU
		{1A2B3C4D-0032-4A01-9A01-000000000032}.Debug|Any CPU.ActiveCfg = Debug|Any CPU
		{1A2B3C4D-0032-4A01-9A01-000000000032}.Debug|Any CPU.Build.0 = Debug|Any CPU
		{1A2B3C4D-0032-4A01-9A01-000000000032}.Release|Any CPU.ActiveCfg = Release|Any CPU
		{1A2B3C4D-0032-4A01-9A01-000000000032}.Release|Any CPU.Build.0 = Release|Any CPU
	EndGlobalSection
	GlobalSection(SolutionProperties) = preSolution
		HideSolutionNode = FALSE
	EndGlobalSection
EndGlobal